// !$*UTF8*$!
{
	archiveVersion = 1;
	classes = {
	};
	objectVersion = 55;
	objects = {

/* Begin PBXBuildFile section */
		66BE93E52832B3F40095FDE7 /* AfricaApp.swift in Sources */ = {isa = PBXBuildFile; fileRef = 66BE93E42832B3F40095FDE7 /* AfricaApp.swift */; };
		66BE93E72832B3F40095FDE7 /* ContentView.swift in Sources */ = {isa = PBXBuildFile; fileRef = 66BE93E62832B3F40095FDE7 /* ContentView.swift */; };
		66BE93E92832B3F90095FDE7 /* Assets.xcassets in Resources */ = {isa = PBXBuildFile; fileRef = 66BE93E82832B3F90095FDE7 /* Assets.xcassets */; };
		66BE93EC2832B3F90095FDE7 /* Preview Assets.xcassets in Resources */ = {isa = PBXBuildFile; fileRef = 66BE93EB2832B3F90095FDE7 /* Preview Assets.xcassets */; };
		66BE93FD2832B7C30095FDE7 /* ostrich.mp4 in Resources */ = {isa = PBXBuildFile; fileRef = 66BE93F32832B7C10095FDE7 /* ostrich.mp4 */; };
		66BE93FE2832B7C30095FDE7 /* lion.mp4 in Resources */ = {isa = PBXBuildFile; fileRef = 66BE93F42832B7C10095FDE7 /* lion.mp4 */; };
		66BE93FF2832B7C30095FDE7 /* cheetah.mp4 in Resources */ = {isa = PBXBuildFile; fileRef = 66BE93F52832B7C10095FDE7 /* cheetah.mp4 */; };
		66BE94002832B7C30095FDE7 /* rhino.mp4 in Resources */ = {isa = PBXBuildFile; fileRef = 66BE93F62832B7C10095FDE7 /* rhino.mp4 */; };
		66BE94012832B7C30095FDE7 /* elephant.mp4 in Resources */ = {isa = PBXBuildFile; fileRef = 66BE93F72832B7C20095FDE7 /* elephant.mp4 */; };
		66BE94022832B7C30095FDE7 /* hippo.mp4 in Resources */ = {isa = PBXBuildFile; fileRef = 66BE93F82832B7C20095FDE7 /* hippo.mp4 */; };
		66BE94032832B7C30095FDE7 /* lioness.mp4 in Resources */ = {isa = PBXBuildFile; fileRef = 66BE93F92832B7C20095FDE7 /* lioness.mp4 */; };
		66BE94042832B7C30095FDE7 /* gorilla.mp4 in Resources */ = {isa = PBXBuildFile; fileRef = 66BE93FA2832B7C20095FDE7 /* gorilla.mp4 */; };
		66BE94052832B7C30095FDE7 /* zebra.mp4 in Resources */ = {isa = PBXBuildFile; fileRef = 66BE93FB2832B7C30095FDE7 /* zebra.mp4 */; };
		66BE94062832B7C30095FDE7 /* giraffe.mp4 in Resources */ = {isa = PBXBuildFile; fileRef = 66BE93FC2832B7C30095FDE7 /* giraffe.mp4 */; };
		66BE940C2832B80B0095FDE7 /* animals.json in Resources */ = {isa = PBXBuildFile; fileRef = 66BE94082832B80B0095FDE7 /* animals.json */; };
		66BE940D2832B80B0095FDE7 /* videos.json in Resources */ = {isa = PBXBuildFile; fileRef = 66BE94092832B80B0095FDE7 /* videos.json */; };
		66BE940E2832B80B0095FDE7 /* covers.json in Resources */ = {isa = PBXBuildFile; fileRef = 66BE940A2832B80B0095FDE7 /* covers.json */; };
		66BE940F2832B80B0095FDE7 /* locations.json in Resources */ = {isa = PBXBuildFile; fileRef = 66BE940B2832B80B0095FDE7 /* locations.json */; };
		66BE94132832CCC50095FDE7 /* VideoListView.swift in Sources */ = {isa = PBXBuildFile; fileRef = 66BE94122832CCC50095FDE7 /* VideoListView.swift */; };
		66BE94152832CCDA0095FDE7 /* MapView.swift in Sources */ = {isa = PBXBuildFile; fileRef = 66BE94142832CCDA0095FDE7 /* MapView.swift */; };
		66BE94172832CCE90095FDE7 /* GalleryView.swift in Sources */ = {isa = PBXBuildFile; fileRef = 66BE94162832CCE90095FDE7 /* GalleryView.swift */; };
		66BE94192832CCFA0095FDE7 /* MainView.swift in Sources */ = {isa = PBXBuildFile; fileRef = 66BE94182832CCFA0095FDE7 /* MainView.swift */; };
		66BE941C2832D0710095FDE7 /* CoverImageView.swift in Sources */ = {isa = PBXBuildFile; fileRef = 66BE941B2832D0710095FDE7 /* CoverImageView.swift */; };
		66BE941F2832D3240095FDE7 /* CoverImageModel.swift in Sources */ = {isa = PBXBuildFile; fileRef = 66BE941E2832D3240095FDE7 /* CoverImageModel.swift */; };
		66BE94222832D4700095FDE7 /* CodableBundleExtension.swift in Sources */ = {isa = PBXBuildFile; fileRef = 66BE94212832D4700095FDE7 /* CodableBundleExtension.swift */; };
		66BE94242832DA9F0095FDE7 /* AnimalListItemView.swift in Sources */ = {isa = PBXBuildFile; fileRef = 66BE94232832DA9F0095FDE7 /* AnimalListItemView.swift */; };
		66BE94262832DBF30095FDE7 /* AnimalModel.swift in Sources */ = {isa = PBXBuildFile; fileRef = 66BE94252832DBF30095FDE7 /* AnimalModel.swift */; };
		66BE94282832E16D0095FDE7 /* AnimalDetailView.swift in Sources */ = {isa = PBXBuildFile; fileRef = 66BE94272832E16D0095FDE7 /* AnimalDetailView.swift */; };
		66BE942A2833D8510095FDE7 /* HeadingView.swift in Sources */ = {isa = PBXBuildFile; fileRef = 66BE94292833D8500095FDE7 /* HeadingView.swift */; };
		66BE942C2833D9400095FDE7 /* InsetGalleryView.swift in Sources */ = {isa = PBXBuildFile; fileRef = 66BE942B2833D9400095FDE7 /* InsetGalleryView.swift */; };
		66BE942E2833DBDE0095FDE7 /* InsetFactView.swift in Sources */ = {isa = PBXBuildFile; fileRef = 66BE942D2833DBDE0095FDE7 /* InsetFactView.swift */; };
		66BE94302833DDF00095FDE7 /* InsetMapView.swift in Sources */ = {isa = PBXBuildFile; fileRef = 66BE942F2833DDF00095FDE7 /* InsetMapView.swift */; };
		66BE94322833E1000095FDE7 /* ExternalWeblinkView.swift in Sources */ = {isa = PBXBuildFile; fileRef = 66BE94312833E1000095FDE7 /* ExternalWeblinkView.swift */; };
		66BE94342833E73E0095FDE7 /* VideoModel.swift in Sources */ = {isa = PBXBuildFile; fileRef = 66BE94332833E73D0095FDE7 /* VideoModel.swift */; };
		66BE94362833E7A50095FDE7 /* VideoListItemView.swift in Sources */ = {isa = PBXBuildFile; fileRef = 66BE94352833E7A50095FDE7 /* VideoListItemView.swift */; };
		66BE943A2833EC690095FDE7 /* VideoListingView.swift in Sources */ = {isa = PBXBuildFile; fileRef = 66BE94392833EC690095FDE7 /* VideoListingView.swift */; };
/* End PBXBuildFile section */

/* Begin PBXFileReference section */
		66BE93E12832B3F40095FDE7 /* Africa.app */ = {isa = PBXFileReference; explicitFileType = wrapper.application; includeInIndex = 0; path = Africa.app; sourceTree = BUILT_PRODUCTS_DIR; };
		66BE93E42832B3F40095FDE7 /* AfricaApp.swift */ = {isa = PBXFileReference; lastKnownFileType = sourcecode.swift; path = AfricaApp.swift; sourceTree = "<group>"; };
		66BE93E62832B3F40095FDE7 /* ContentView.swift */ = {isa = PBXFileReference; lastKnownFileType = sourcecode.swift; path = ContentView.swift; sourceTree = "<group>"; };
		66BE93E82832B3F90095FDE7 /* Assets.xcassets */ = {isa = PBXFileReference; lastKnownFileType = folder.assetcatalog; path = Assets.xcassets; sourceTree = "<group>"; };
		66BE93EB2832B3F90095FDE7 /* Preview Assets.xcassets */ = {isa = PBXFileReference; lastKnownFileType = folder.assetcatalog; path = "Preview Assets.xcassets"; sourceTree = "<group>"; };
		66BE93F32832B7C10095FDE7 /* ostrich.mp4 */ = {isa = PBXFileReference; lastKnownFileType = file; path = ostrich.mp4; sourceTree = "<group>"; };
		66BE93F42832B7C10095FDE7 /* lion.mp4 */ = {isa = PBXFileReference; lastKnownFileType = file; path = lion.mp4; sourceTree = "<group>"; };
		66BE93F52832B7C10095FDE7 /* cheetah.mp4 */ = {isa = PBXFileReference; lastKnownFileType = file; path = cheetah.mp4; sourceTree = "<group>"; };
		66BE93F62832B7C10095FDE7 /* rhino.mp4 */ = {isa = PBXFileReference; lastKnownFileType = file; path = rhino.mp4; sourceTree = "<group>"; };
		66BE93F72832B7C20095FDE7 /* elephant.mp4 */ = {isa = PBXFileReference; lastKnownFileType = file; path = elephant.mp4; sourceTree = "<group>"; };
		66BE93F82832B7C20095FDE7 /* hippo.mp4 */ = {isa = PBXFileReference; lastKnownFileType = file; path = hippo.mp4; sourceTree = "<group>"; };
		66BE93F92832B7C20095FDE7 /* lioness.mp4 */ = {isa = PBXFileReference; lastKnownFileType = file; path = lioness.mp4; sourceTree = "<group>"; };
		66BE93FA2832B7C20095FDE7 /* gorilla.mp4 */ = {isa = PBXFileReference; lastKnownFileType = file; path = gorilla.mp4; sourceTree = "<group>"; };
		66BE93FB2832B7C30095FDE7 /* zebra.mp4 */ = {isa = PBXFileReference; lastKnownFileType = file; path = zebra.mp4; sourceTree = "<group>"; };
		66BE93FC2832B7C30095FDE7 /* giraffe.mp4 */ = {isa = PBXFileReference; lastKnownFileType = file; path = giraffe.mp4; sourceTree = "<group>"; };
		66BE94082832B80B0095FDE7 /* animals.json */ = {isa = PBXFileReference; fileEncoding = 4; lastKnownFileType = text.json; path = animals.json; sourceTree = "<group>"; };
		66BE94092832B80B0095FDE7 /* videos.json */ = {isa = PBXFileReference; fileEncoding = 4; lastKnownFileType = text.json; path = videos.json; sourceTree = "<group>"; };
		66BE940A2832B80B0095FDE7 /* covers.json */ = {isa = PBXFileReference; fileEncoding = 4; lastKnownFileType = text.json; path = covers.json; sourceTree = "<group>"; };
		66BE940B2832B80B0095FDE7 /* locations.json */ = {isa = PBXFileReference; fileEncoding = 4; lastKnownFileType = text.json; path = locations.json; sourceTree = "<group>"; };
		66BE94102832CBD30095FDE7 /* Info.plist */ = {isa = PBXFileReference; lastKnownFileType = text.plist; path = Info.plist; sourceTree = "<group>"; };
		66BE94122832CCC50095FDE7 /* VideoListView.swift */ = {isa = PBXFileReference; lastKnownFileType = sourcecode.swift; path = VideoListView.swift; sourceTree = "<group>"; };
		66BE94142832CCDA0095FDE7 /* MapView.swift */ = {isa = PBXFileReference; lastKnownFileType = sourcecode.swift; path = MapView.swift; sourceTree = "<group>"; };
		66BE94162832CCE90095FDE7 /* GalleryView.swift */ = {isa = PBXFileReference; lastKnownFileType = sourcecode.swift; path = GalleryView.swift; sourceTree = "<group>"; };
		66BE94182832CCFA0095FDE7 /* MainView.swift */ = {isa = PBXFileReference; lastKnownFileType = sourcecode.swift; path = MainView.swift; sourceTree = "<group>"; };
		66BE941B2832D0710095FDE7 /* CoverImageView.swift */ = {isa = PBXFileReference; lastKnownFileType = sourcecode.swift; path = CoverImageView.swift; sourceTree = "<group>"; };
		66BE941E2832D3240095FDE7 /* CoverImageModel.swift */ = {isa = PBXFileReference; lastKnownFileType = sourcecode.swift; path = CoverImageModel.swift; sourceTree = "<group>"; };
		66BE94212832D4700095FDE7 /* CodableBundleExtension.swift */ = {isa = PBXFileReference; lastKnownFileType = sourcecode.swift; path = CodableBundleExtension.swift; sourceTree = "<group>"; };
		66BE94232832DA9F0095FDE7 /* AnimalListItemView.swift */ = {isa = PBXFileReference; lastKnownFileType = sourcecode.swift; path = AnimalListItemView.swift; sourceTree = "<group>"; };
		66BE94252832DBF30095FDE7 /* AnimalModel.swift */ = {isa = PBXFileReference; lastKnownFileType = sourcecode.swift; path = AnimalModel.swift; sourceTree = "<group>"; };
		66BE94272832E16D0095FDE7 /* AnimalDetailView.swift */ = {isa = PBXFileReference; lastKnownFileType = sourcecode.swift; path = AnimalDetailView.swift; sourceTree = "<group>"; };
		66BE94292833D8500095FDE7 /* HeadingView.swift */ = {isa = PBXFileReference; lastKnownFileType = sourcecode.swift; path = HeadingView.swift; sourceTree = "<group>"; };
		66BE942B2833D9400095FDE7 /* InsetGalleryView.swift */ = {isa = PBXFileReference; lastKnownFileType = sourcecode.swift; path = InsetGalleryView.swift; sourceTree = "<group>"; };
		66BE942D2833DBDE0095FDE7 /* InsetFactView.swift */ = {isa = PBXFileReference; lastKnownFileType = sourcecode.swift; path = InsetFactView.swift; sourceTree = "<group>"; };
		66BE942F2833DDF00095FDE7 /* InsetMapView.swift */ = {isa = PBXFileReference; lastKnownFileType = sourcecode.swift; path = InsetMapView.swift; sourceTree = "<group>"; };
		66BE94312833E1000095FDE7 /* ExternalWeblinkView.swift */ = {isa = PBXFileReference; lastKnownFileType = sourcecode.swift; path = ExternalWeblinkView.swift; sourceTree = "<group>"; };
		66BE94332833E73D0095FDE7 /* VideoModel.swift */ = {isa = PBXFileReference; lastKnownFileType = sourcecode.swift; path = VideoModel.swift; sourceTree = "<group>"; };
		66BE94352833E7A50095FDE7 /* VideoListItemView.swift */ = {isa = PBXFileReference; lastKnownFileType = sourcecode.swift; path = VideoListItemView.swift; sourceTree = "<group>"; };
		66BE94392833EC690095FDE7 /* VideoListingView.swift */ = {isa = PBXFileReference; lastKnownFileType = sourcecode.swift; path = VideoListingView.swift; sourceTree = "<group>"; };
/* End PBXFileReference section */

/* Begin PBXFrameworksBuildPhase section */
		66BE93DE2832B3F40095FDE7 /* Frameworks */ = {
			isa = PBXFrameworksBuildPhase;
			buildActionMask = 2147483647;
			files = (
			);
			runOnlyForDeploymentPostprocessing = 0;
		};
/* End PBXFrameworksBuildPhase section */

/* Begin PBXGroup section */
		66BE93D82832B3F40095FDE7 = {
			isa = PBXGroup;
			children = (
				66BE93E32832B3F40095FDE7 /* Africa */,
				66BE93E22832B3F40095FDE7 /* Products */,
			);
			sourceTree = "<group>";
		};
		66BE93E22832B3F40095FDE7 /* Products */ = {
			isa = PBXGroup;
			children = (
				66BE93E12832B3F40095FDE7 /* Africa.app */,
			);
			name = Products;
			sourceTree = "<group>";
		};
		66BE93E32832B3F40095FDE7 /* Africa */ = {
			isa = PBXGroup;
			children = (
				66BE94202832D45E0095FDE7 /* Extension */,
				66BE941D2832D3120095FDE7 /* Model */,
				66BE941A2832D0560095FDE7 /* View */,
				66BE94102832CBD30095FDE7 /* Info.plist */,
				66BE94072832B7EA0095FDE7 /* Data */,
				66BE93F22832B76C0095FDE7 /* Video */,
				66BE94112832CC850095FDE7 /* App */,
				66BE93E82832B3F90095FDE7 /* Assets.xcassets */,
				66BE93EA2832B3F90095FDE7 /* Preview Content */,
			);
			path = Africa;
			sourceTree = "<group>";
		};
		66BE93EA2832B3F90095FDE7 /* Preview Content */ = {
			isa = PBXGroup;
			children = (
				66BE93EB2832B3F90095FDE7 /* Preview Assets.xcassets */,
			);
			path = "Preview Content";
			sourceTree = "<group>";
		};
		66BE93F22832B76C0095FDE7 /* Video */ = {
			isa = PBXGroup;
			children = (
				66BE93F52832B7C10095FDE7 /* cheetah.mp4 */,
				66BE93F72832B7C20095FDE7 /* elephant.mp4 */,
				66BE93FC2832B7C30095FDE7 /* giraffe.mp4 */,
				66BE93FA2832B7C20095FDE7 /* gorilla.mp4 */,
				66BE93F82832B7C20095FDE7 /* hippo.mp4 */,
				66BE93F42832B7C10095FDE7 /* lion.mp4 */,
				66BE93F92832B7C20095FDE7 /* lioness.mp4 */,
				66BE93F32832B7C10095FDE7 /* ostrich.mp4 */,
				66BE93F62832B7C10095FDE7 /* rhino.mp4 */,
				66BE93FB2832B7C30095FDE7 /* zebra.mp4 */,
			);
			path = Video;
			sourceTree = "<group>";
		};
		66BE94072832B7EA0095FDE7 /* Data */ = {
			isa = PBXGroup;
			children = (
				66BE94082832B80B0095FDE7 /* animals.json */,
				66BE940A2832B80B0095FDE7 /* covers.json */,
				66BE940B2832B80B0095FDE7 /* locations.json */,
				66BE94092832B80B0095FDE7 /* videos.json */,
			);
			path = Data;
			sourceTree = "<group>";
		};
		66BE94112832CC850095FDE7 /* App */ = {
			isa = PBXGroup;
			children = (
				66BE93E42832B3F40095FDE7 /* AfricaApp.swift */,
				66BE93E62832B3F40095FDE7 /* ContentView.swift */,
				66BE94122832CCC50095FDE7 /* VideoListView.swift */,
				66BE94142832CCDA0095FDE7 /* MapView.swift */,
				66BE94162832CCE90095FDE7 /* GalleryView.swift */,
				66BE94182832CCFA0095FDE7 /* MainView.swift */,
			);
			path = App;
			sourceTree = "<group>";
		};
		66BE941A2832D0560095FDE7 /* View */ = {
			isa = PBXGroup;
			children = (
				66BE941B2832D0710095FDE7 /* CoverImageView.swift */,
				66BE94232832DA9F0095FDE7 /* AnimalListItemView.swift */,
				66BE94272832E16D0095FDE7 /* AnimalDetailView.swift */,
				66BE94292833D8500095FDE7 /* HeadingView.swift */,
				66BE942B2833D9400095FDE7 /* InsetGalleryView.swift */,
				66BE942D2833DBDE0095FDE7 /* InsetFactView.swift */,
				66BE942F2833DDF00095FDE7 /* InsetMapView.swift */,
				66BE94312833E1000095FDE7 /* ExternalWeblinkView.swift */,
				66BE94352833E7A50095FDE7 /* VideoListItemView.swift */,
				66BE94392833EC690095FDE7 /* VideoListingView.swift */,
			);
			path = View;
			sourceTree = "<group>";
		};
		66BE941D2832D3120095FDE7 /* Model */ = {
			isa = PBXGroup;
			children = (
				66BE941E2832D3240095FDE7 /* CoverImageModel.swift */,
				66BE94252832DBF30095FDE7 /* AnimalModel.swift */,
				66BE94332833E73D0095FDE7 /* VideoModel.swift */,
			);
			path = Model;
			sourceTree = "<group>";
		};
		66BE94202832D45E0095FDE7 /* Extension */ = {
			isa = PBXGroup;
			children = (
				66BE94212832D4700095FDE7 /* CodableBundleExtension.swift */,
			);
			path = Extension;
			sourceTree = "<group>";
		};
/* End PBXGroup section */

/* Begin PBXNativeTarget section */
		66BE93E02832B3F40095FDE7 /* Africa */ = {
			isa = PBXNativeTarget;
			buildConfigurationList = 66BE93EF2832B3F90095FDE7 /* Build configuration list for PBXNativeTarget "Africa" */;
			buildPhases = (
				66BE93DD2832B3F40095FDE7 /* Sources */,
				66BE93DE2832B3F40095FDE7 /* Frameworks */,
				66BE93DF2832B3F40095FDE7 /* Resources */,
			);
			buildRules = (
			);
			dependencies = (
			);
			name = Africa;
			productName = Africa;
			productReference = 66BE93E12832B3F40095FDE7 /* Africa.app */;
			productType = "com.apple.product-type.application";
		};
/* End PBXNativeTarget section */

/* Begin PBXProject section */
		66BE93D92832B3F40095FDE7 /* Project object */ = {
			isa = PBXProject;
			attributes = {
				BuildIndependentTargetsInParallel = 1;
				LastSwiftUpdateCheck = 1330;
				LastUpgradeCheck = 1330;
				TargetAttributes = {
					66BE93E02832B3F40095FDE7 = {
						CreatedOnToolsVersion = 13.3.1;
					};
				};
			};
			buildConfigurationList = 66BE93DC2832B3F40095FDE7 /* Build configuration list for PBXProject "Africa" */;
			compatibilityVersion = "Xcode 13.0";
			developmentRegion = en;
			hasScannedForEncodings = 0;
			knownRegions = (
				en,
				Base,
			);
			mainGroup = 66BE93D82832B3F40095FDE7;
			productRefGroup = 66BE93E22832B3F40095FDE7 /* Products */;
			projectDirPath = "";
			projectRoot = "";
			targets = (
				66BE93E02832B3F40095FDE7 /* Africa */,
			);
		};
/* End PBXProject section */

/* Begin PBXResourcesBuildPhase section */
		66BE93DF2832B3F40095FDE7 /* Resources */ = {
			isa = PBXResourcesBuildPhase;
			buildActionMask = 2147483647;
			files = (
				66BE94022832B7C30095FDE7 /* hippo.mp4 in Resources */,
				66BE94002832B7C30095FDE7 /* rhino.mp4 in Resources */,
				66BE940F2832B80B0095FDE7 /* locations.json in Resources */,
				66BE94062832B7C30095FDE7 /* giraffe.mp4 in Resources */,
				66BE940D2832B80B0095FDE7 /* videos.json in Resources */,
				66BE94042832B7C30095FDE7 /* gorilla.mp4 in Resources */,
				66BE94032832B7C30095FDE7 /* lioness.mp4 in Resources */,
				66BE93FD2832B7C30095FDE7 /* ostrich.mp4 in Resources */,
				66BE93FF2832B7C30095FDE7 /* cheetah.mp4 in Resources */,
				66BE940C2832B80B0095FDE7 /* animals.json in Resources */,
				66BE94052832B7C30095FDE7 /* zebra.mp4 in Resources */,
				66BE940E2832B80B0095FDE7 /* covers.json in Resources */,
				66BE93FE2832B7C30095FDE7 /* lion.mp4 in Resources */,
				66BE94012832B7C30095FDE7 /* elephant.mp4 in Resources */,
				66BE93EC2832B3F90095FDE7 /* Preview Assets.xcassets in Resources */,
				66BE93E92832B3F90095FDE7 /* Assets.xcassets in Resources */,
			);
			runOnlyForDeploymentPostprocessing = 0;
		};
/* End PBXResourcesBuildPhase section */

/* Begin PBXSourcesBuildPhase section */
		66BE93DD2832B3F40095FDE7 /* Sources */ = {
			isa = PBXSourcesBuildPhase;
			buildActionMask = 2147483647;
			files = (
				66BE94322833E1000095FDE7 /* ExternalWeblinkView.swift in Sources */,
				66BE93E72832B3F40095FDE7 /* ContentView.swift in Sources */,
				66BE94242832DA9F0095FDE7 /* AnimalListItemView.swift in Sources */,
				66BE94192832CCFA0095FDE7 /* MainView.swift in Sources */,
				66BE942E2833DBDE0095FDE7 /* InsetFactView.swift in Sources */,
				66BE941C2832D0710095FDE7 /* CoverImageView.swift in Sources */,
				66BE941F2832D3240095FDE7 /* CoverImageModel.swift in Sources */,
				66BE94282832E16D0095FDE7 /* AnimalDetailView.swift in Sources */,
				66BE94262832DBF30095FDE7 /* AnimalModel.swift in Sources */,
				66BE943A2833EC690095FDE7 /* VideoListingView.swift in Sources */,
				66BE94152832CCDA0095FDE7 /* MapView.swift in Sources */,
				66BE94302833DDF00095FDE7 /* InsetMapView.swift in Sources */,
				66BE93E52832B3F40095FDE7 /* AfricaApp.swift in Sources */,
				66BE94132832CCC50095FDE7 /* VideoListView.swift in Sources */,
				66BE94342833E73E0095FDE7 /* VideoModel.swift in Sources */,
				66BE94172832CCE90095FDE7 /* GalleryView.swift in Sources */,
				66BE942C2833D9400095FDE7 /* InsetGalleryView.swift in Sources */,
				66BE94362833E7A50095FDE7 /* VideoListItemView.swift in Sources */,
				66BE94222832D4700095FDE7 /* CodableBundleExtension.swift in Sources */,
				66BE942A2833D8510095FDE7 /* HeadingView.swift in Sources */,
			);
			runOnlyForDeploymentPostprocessing = 0;
		};
/* End PBXSourcesBuildPhase section */

/* Begin XCBuildConfiguration section */
		66BE93ED2832B3F90095FDE7 /* Debug */ = {
			isa = XCBuildConfiguration;
			buildSettings = {
				ALWAYS_SEARCH_USER_PATHS = NO;
				CLANG_ANALYZER_NONNULL = YES;
				CLANG_ANALYZER_NUMBER_OBJECT_CONVERSION = YES_AGGRESSIVE;
				CLANG_CXX_LANGUAGE_STANDARD = "gnu++17";
				CLANG_ENABLE_MODULES = YES;
				CLANG_ENABLE_OBJC_ARC = YES;
				CLANG_ENABLE_OBJC_WEAK = YES;
				CLANG_WARN_BLOCK_CAPTURE_AUTORELEASING = YES;
				CLANG_WARN_BOOL_CONVERSION = YES;
				CLANG_WARN_COMMA = YES;
				CLANG_WARN_CONSTANT_CONVERSION = YES;
				CLANG_WARN_DEPRECATED_OBJC_IMPLEMENTATIONS = YES;
				CLANG_WARN_DIRECT_OBJC_ISA_USAGE = YES_ERROR;
				CLANG_WARN_DOCUMENTATION_COMMENTS = YES;
				CLANG_WARN_EMPTY_BODY = YES;
				CLANG_WARN_ENUM_CONVERSION = YES;
				CLANG_WARN_INFINITE_RECURSION = YES;
				CLANG_WARN_INT_CONVERSION = YES;
				CLANG_WARN_NON_LITERAL_NULL_CONVERSION = YES;
				CLANG_WARN_OBJC_IMPLICIT_RETAIN_SELF = YES;
				CLANG_WARN_OBJC_LITERAL_CONVERSION = YES;
				CLANG_WARN_OBJC_ROOT_CLASS = YES_ERROR;
				CLANG_WARN_QUOTED_INCLUDE_IN_FRAMEWORK_HEADER = YES;
				CLANG_WARN_RANGE_LOOP_ANALYSIS = YES;
				CLANG_WARN_STRICT_PROTOTYPES = YES;
				CLANG_WARN_SUSPICIOUS_MOVE = YES;
				CLANG_WARN_UNGUARDED_AVAILABILITY = YES_AGGRESSIVE;
				CLANG_WARN_UNREACHABLE_CODE = YES;
				CLANG_WARN__DUPLICATE_METHOD_MATCH = YES;
				COPY_PHASE_STRIP = NO;
				DEBUG_INFORMATION_FORMAT = dwarf;
				ENABLE_STRICT_OBJC_MSGSEND = YES;
				ENABLE_TESTABILITY = YES;
				GCC_C_LANGUAGE_STANDARD = gnu11;
				GCC_DYNAMIC_NO_PIC = NO;
				GCC_NO_COMMON_BLOCKS = YES;
				GCC_OPTIMIZATION_LEVEL = 0;
				GCC_PREPROCESSOR_DEFINITIONS = (
					"DEBUG=1",
					"$(inherited)",
				);
				GCC_WARN_64_TO_32_BIT_CONVERSION = YES;
				GCC_WARN_ABOUT_RETURN_TYPE = YES_ERROR;
				GCC_WARN_UNDECLARED_SELECTOR = YES;
				GCC_WARN_UNINITIALIZED_AUTOS = YES_AGGRESSIVE;
				GCC_WARN_UNUSED_FUNCTION = YES;
				GCC_WARN_UNUSED_VARIABLE = YES;
				IPHONEOS_DEPLOYMENT_TARGET = 15.4;
				MTL_ENABLE_DEBUG_INFO = INCLUDE_SOURCE;
				MTL_FAST_MATH = YES;
				ONLY_ACTIVE_ARCH = YES;
				SDKROOT = iphoneos;
				SWIFT_ACTIVE_COMPILATION_CONDITIONS = DEBUG;
				SWIFT_OPTIMIZATION_LEVEL = "-Onone";
			};
			name = Debug;
		};
		66BE93EE2832B3F90095FDE7 /* Release */ = {
			isa = XCBuildConfiguration;
			buildSettings = {
				ALWAYS_SEARCH_USER_PATHS = NO;
				CLANG_ANALYZER_NONNULL = YES;
				CLANG_ANALYZER_NUMBER_OBJECT_CONVERSION = YES_AGGRESSIVE;
				CLANG_CXX_LANGUAGE_STANDARD = "gnu++17";
				CLANG_ENABLE_MODULES = YES;
				CLANG_ENABLE_OBJC_ARC = YES;
				CLANG_ENABLE_OBJC_WEAK = YES;
				CLANG_WARN_BLOCK_CAPTURE_AUTORELEASING = YES;
				CLANG_WARN_BOOL_CONVERSION = YES;
				CLANG_WARN_COMMA = YES;
				CLANG_WARN_CONSTANT_CONVERSION = YES;
				CLANG_WARN_DEPRECATED_OBJC_IMPLEMENTATIONS = YES;
				CLANG_WARN_DIRECT_OBJC_ISA_USAGE = YES_ERROR;
				CLANG_WARN_DOCUMENTATION_COMMENTS = YES;
				CLANG_WARN_EMPTY_BODY = YES;
				CLANG_WARN_ENUM_CONVERSION = YES;
				CLANG_WARN_INFINITE_RECURSION = YES;
				CLANG_WARN_INT_CONVERSION = YES;
				CLANG_WARN_NON_LITERAL_NULL_CONVERSION = YES;
				CLANG_WARN_OBJC_IMPLICIT_RETAIN_SELF = YES;
				CLANG_WARN_OBJC_LITERAL_CONVERSION = YES;
				CLANG_WARN_OBJC_ROOT_CLASS = YES_ERROR;
				CLANG_WARN_QUOTED_INCLUDE_IN_FRAMEWORK_HEADER = YES;
				CLANG_WARN_RANGE_LOOP_ANALYSIS = YES;
				CLANG_WARN_STRICT_PROTOTYPES = YES;
				CLANG_WARN_SUSPICIOUS_MOVE = YES;
				CLANG_WARN_UNGUARDED_AVAILABILITY = YES_AGGRESSIVE;
				CLANG_WARN_UNREACHABLE_CODE = YES;
				CLANG_WARN__DUPLICATE_METHOD_MATCH = YES;
				COPY_PHASE_STRIP = NO;
				DEBUG_INFORMATION_FORMAT = "dwarf-with-dsym";
				ENABLE_NS_ASSERTIONS = NO;
				ENABLE_STRICT_OBJC_MSGSEND = YES;
				GCC_C_LANGUAGE_STANDARD = gnu11;
				GCC_NO_COMMON_BLOCKS = YES;
				GCC_WARN_64_TO_32_BIT_CONVERSION = YES;
				GCC_WARN_ABOUT_RETURN_TYPE = YES_ERROR;
				GCC_WARN_UNDECLARED_SELECTOR = YES;
				GCC_WARN_UNINITIALIZED_AUTOS = YES_AGGRESSIVE;
				GCC_WARN_UNUSED_FUNCTION = YES;
				GCC_WARN_UNUSED_VARIABLE = YES;
				IPHONEOS_DEPLOYMENT_TARGET = 15.4;
				MTL_ENABLE_DEBUG_INFO = NO;
				MTL_FAST_MATH = YES;
				SDKROOT = iphoneos;
				SWIFT_COMPILATION_MODE = wholemodule;
				SWIFT_OPTIMIZATION_LEVEL = "-O";
				VALIDATE_PRODUCT = YES;
			};
			name = Release;
		};
		66BE93F02832B3F90095FDE7 /* Debug */ = {
			isa = XCBuildConfiguration;
			buildSettings = {
				ASSETCATALOG_COMPILER_APPICON_NAME = AppIcon;
				ASSETCATALOG_COMPILER_GLOBAL_ACCENT_COLOR_NAME = AccentColor;
				CODE_SIGN_STYLE = Automatic;
				CURRENT_PROJECT_VERSION = 1;
				DEVELOPMENT_ASSET_PATHS = "\"Africa/Preview Content\"";
				DEVELOPMENT_TEAM = 3PX6J6VL32;
				ENABLE_PREVIEWS = YES;
				GENERATE_INFOPLIST_FILE = YES;
				INFOPLIST_FILE = Africa/Info.plist;
				INFOPLIST_KEY_UIApplicationSceneManifest_Generation = YES;
				INFOPLIST_KEY_UIApplicationSupportsIndirectInputEvents = YES;
				INFOPLIST_KEY_UISupportedInterfaceOrientations = "";
				INFOPLIST_KEY_UISupportedInterfaceOrientations_iPad = "UIInterfaceOrientationPortrait UIInterfaceOrientationPortraitUpsideDown UIInterfaceOrientationLandscapeLeft UIInterfaceOrientationLandscapeRight";
				INFOPLIST_KEY_UISupportedInterfaceOrientations_iPhone = "UIInterfaceOrientationPortrait UIInterfaceOrientationLandscapeLeft UIInterfaceOrientationLandscapeRight";
				INFOPLIST_KEY_UIUserInterfaceStyle = Dark;
				LD_RUNPATH_SEARCH_PATHS = (
					"$(inherited)",
					"@executable_path/Frameworks",
				);
				MARKETING_VERSION = 1.0;
				PRODUCT_BUNDLE_IDENTIFIER = com.januszewski.Africa;
				PRODUCT_NAME = "$(TARGET_NAME)";
				SWIFT_EMIT_LOC_STRINGS = YES;
				SWIFT_VERSION = 5.0;
				TARGETED_DEVICE_FAMILY = "1,2";
			};
			name = Debug;
		};
		66BE93F12832B3F90095FDE7 /* Release */ = {
			isa = XCBuildConfiguration;
			buildSettings = {
				ASSETCATALOG_COMPILER_APPICON_NAME = AppIcon;
				ASSETCATALOG_COMPILER_GLOBAL_ACCENT_COLOR_NAME = AccentColor;
				CODE_SIGN_STYLE = Automatic;
				CURRENT_PROJECT_VERSION = 1;
				DEVELOPMENT_ASSET_PATHS = "\"Africa/Preview Content\"";
				DEVELOPMENT_TEAM = 3PX6J6VL32;
				ENABLE_PREVIEWS = YES;
				GENERATE_INFOPLIST_FILE = YES;
				INFOPLIST_FILE = Africa/Info.plist;
				INFOPLIST_KEY_UIApplicationSceneManifest_Generation = YES;
				INFOPLIST_KEY_UIApplicationSupportsIndirectInputEvents = YES;
				INFOPLIST_KEY_UISupportedInterfaceOrientations = "";
				INFOPLIST_KEY_UISupportedInterfaceOrientations_iPad = "UIInterfaceOrientationPortrait UIInterfaceOrientationPortraitUpsideDown UIInterfaceOrientationLandscapeLeft UIInterfaceOrientationLandscapeRight";
				INFOPLIST_KEY_UISupportedInterfaceOrientations_iPhone = "UIInterfaceOrientationPortrait UIInterfaceOrientationLandscapeLeft UIInterfaceOrientationLandscapeRight";
				INFOPLIST_KEY_UIUserInterfaceStyle = Dark;
				LD_RUNPATH_SEARCH_PATHS = (
					"$(inherited)",
					"@executable_path/Frameworks",
				);
				MARKETING_VERSION = 1.0;
				PRODUCT_BUNDLE_IDENTIFIER = com.januszewski.Africa;
				PRODUCT_NAME = "$(TARGET_NAME)";
				SWIFT_EMIT_LOC_STRINGS = YES;
				SWIFT_VERSION = 5.0;
				TARGETED_DEVICE_FAMILY = "1,2";
			};
			name = Release;
		};
/* End XCBuildConfiguration section */

/* Begin XCConfigurationList section */
		66BE93DC2832B3F40095FDE7 /* Build configuration list for PBXProject "Africa" */ = {
			isa = XCConfigurationList;
			buildConfigurations = (
				66BE93ED2832B3F90095FDE7 /* Debug */,
				66BE93EE2832B3F90095FDE7 /* Release */,
			);
			defaultConfigurationIsVisible = 0;
			defaultConfigurationName = Release;
		};
		66BE93EF2832B3F90095FDE7 /* Build configuration list for PBXNativeTarget "Africa" */ = {
			isa = XCConfigurationList;
			buildConfigurations = (
				66BE93F02832B3F90095FDE7 /* Debug */,
				66BE93F12832B3F90095FDE7 /* Release */,
			);
			defaultConfigurationIsVisible = 0;
			defaultConfigurationName = Release;
		};
/* End XCConfigurationList section */
	};
	rootObject = 66BE93D92832B3F40095FDE7 /* Project object */;
}
